<Solution>
  <Project Path="lesson1_第一个应用程序/lesson1_第一个应用程序.csproj" Id="2a6fbb79-b529-4c2a-9d0b-553623c8afe8" />
  <Project Path="lesson1_练习题/lesson1_练习题.csproj" Id="6e0d5923-a10a-4ba1-b0ac-c9169cca0f9a" />
  <Project Path="lesson2_变量/lesson2_变量.csproj" Id="2c42086a-9287-4008-9d6e-51744d700f94" />
  <Project Path="lesson2_练习题/lesson2_练习题.csproj" Id="eef4af07-f8c8-4636-9edb-441e49b508bb" />
  <Project Path="测试项目/测试项目.csproj" />
</Solution>
